
Microsoft Visual Studio Solution File, Format Version 12.00
# Visual Studio 15
Project("{FAE04EC0-301F-11D3-BF4B-00C04F79EFBC}") = "Assembly-CSharp", "Assembly-CSharp.csproj", "{D078A525-6A34-B8B0-892B-6A2443004DE9}"
EndProject
Project("{FAE04EC0-301F-11D3-BF4B-00C04F79EFBC}") = "Assembly-CSharp-Editor", "Assembly-CSharp-Editor.csproj", "{8ACC3F69-5964-CA52-3A83-75B3ECC59EFB}"
EndProject
Global
	GlobalSection(SolutionConfigurationPlatforms) = preSolution
		Debug|Any CPU = Debug|Any CPU
		Release|Any CPU = Release|Any CPU
	EndGlobalSection
	GlobalSection(ProjectConfigurationPlatforms) = postSolution
		{D078A525-6A34-B8B0-892B-6A2443004DE9}.Debug|Any CPU.ActiveCfg = Debug|Any CPU
		{D078A525-6A34-B8B0-892B-6A2443004DE9}.Debug|Any CPU.Build.0 = Debug|Any CPU
		{D078A525-6A34-B8B0-892B-6A2443004DE9}.Release|Any CPU.ActiveCfg = Release|Any CPU
		{D078A525-6A34-B8B0-892B-6A2443004DE9}.Release|Any CPU.Build.0 = Release|Any CPU
		{8ACC3F69-5964-CA52-3A83-75B3ECC59EFB}.Debug|Any CPU.ActiveCfg = Debug|Any CPU
		{8ACC3F69-5964-CA52-3A83-75B3ECC59EFB}.Debug|Any CPU.Build.0 = Debug|Any CPU
		{8ACC3F69-5964-CA52-3A83-75B3ECC59EFB}.Release|Any CPU.ActiveCfg = Release|Any CPU
		{8ACC3F69-5964-CA52-3A83-75B3ECC59EFB}.Release|Any CPU.Build.0 = Release|Any CPU
	EndGlobalSection
	GlobalSection(SolutionProperties) = preSolution
		HideSolutionNode = FALSE
	EndGlobalSection
EndGlobal
